
Microsoft Visual Studio Solution File, Format Version 11.00
# Visual Studio 2010
Project("{FAE04EC0-301F-11D3-BF4B-00C04F79EFBC}") = "Assembly-CSharp", "Assembly-CSharp.csproj", "{46814718-8899-331e-7b3c-ce1b58b02050}"
EndProject
Project("{FAE04EC0-301F-11D3-BF4B-00C04F79EFBC}") = "Assembly-CSharp-firstpass", "Assembly-CSharp-firstpass.csproj", "{decc15ed-7d8c-8210-37cd-fd24bccd9515}"
EndProject
Project("{FAE04EC0-301F-11D3-BF4B-00C04F79EFBC}") = "Assembly-CSharp-Editor", "Assembly-CSharp-Editor.csproj", "{56a0f75e-aafd-8d86-b0cf-cbf1519be7f2}"
EndProject
Global
	GlobalSection(SolutionConfigurationPlatforms) = preSolution
		Debug|Any CPU = Debug|Any CPU
	EndGlobalSection
	GlobalSection(ProjectConfigurationPlatforms) = postSolution
		{46814718-8899-331e-7b3c-ce1b58b02050}.Debug|Any CPU.ActiveCfg = Debug|Any CPU
		{46814718-8899-331e-7b3c-ce1b58b02050}.Debug|Any CPU.Build.0 = Debug|Any CPU
		{decc15ed-7d8c-8210-37cd-fd24bccd9515}.Debug|Any CPU.ActiveCfg = Debug|Any CPU
		{decc15ed-7d8c-8210-37cd-fd24bccd9515}.Debug|Any CPU.Build.0 = Debug|Any CPU
		{56a0f75e-aafd-8d86-b0cf-cbf1519be7f2}.Debug|Any CPU.ActiveCfg = Debug|Any CPU
		{56a0f75e-aafd-8d86-b0cf-cbf1519be7f2}.Debug|Any CPU.Build.0 = Debug|Any CPU
	EndGlobalSection
	GlobalSection(SolutionProperties) = preSolution
		HideSolutionNode = FALSE
	EndGlobalSection
EndGlobal
